<?xml version="1.0" encoding="UTF-8"?>
<Scheme LastUpgradeVersion="1600" version="1.7">
  <BuildAction parallelizeBuildables="YES" buildImplicitDependencies="YES">
    <BuildActionEntries>
      <BuildActionEntry buildForTesting="YES" buildForRunning="YES" buildForProfiling="YES" buildForArchiving="YES" buildForAnalyzing="YES">
        <BuildableReference BuildableIdentifier="primary" BlueprintIdentifier="4E6DC23C2EF6113F005145BA" BuildableName="Cookies.app" BlueprintName="Cookies" ReferencedContainer="container:Cookies.xcodeproj"/>
      </BuildActionEntry>
      <BuildActionEntry buildForTesting="YES" buildForRunning="NO" buildForProfiling="NO" buildForArchiving="NO" buildForAnalyzing="NO">
        <BuildableReference BuildableIdentifier="primary" BlueprintIdentifier="A1B2C3D4E5F60123456789B3" BuildableName="CookiesTests.xctest" BlueprintName="CookiesTests" ReferencedContainer="container:Cookies.xcodeproj"/>
      </BuildActionEntry>
    </BuildActionEntries>
  </BuildAction>
  <TestAction buildConfiguration="Debug" selectedDebuggerIdentifier="Xcode.DebuggerFoundation.Debugger.LLDB" selectedLauncherIdentifier="Xcode.DebuggerFoundation.Launcher.LLDB" shouldUseLaunchSchemeArgsEnv="YES">
    <Testables>
      <TestableReference skipped="NO">
        <BuildableReference BuildableIdentifier="primary" BlueprintIdentifier="A1B2C3D4E5F60123456789B3" BuildableName="CookiesTests.xctest" BlueprintName="CookiesTests" ReferencedContainer="container:Cookies.xcodeproj"/>
      </TestableReference>
    </Testables>
    <EnvironmentVariables>
      <EnvironmentVariable key="USE_FIREBASE_EMULATORS" value="1" isEnabled="YES"/>
      <EnvironmentVariable key="FIRESTORE_EMULATOR_HOST" value="127.0.0.1:8080" isEnabled="YES"/>
      <EnvironmentVariable key="FIREBASE_AUTH_EMULATOR_HOST" value="127.0.0.1:9099" isEnabled="YES"/>
    </EnvironmentVariables>
  </TestAction>
  <LaunchAction buildConfiguration="Debug" selectedDebuggerIdentifier="Xcode.DebuggerFoundation.Debugger.LLDB" selectedLauncherIdentifier="Xcode.DebuggerFoundation.Launcher.LLDB" launchStyle="0" useCustomWorkingDirectory="NO" ignoresPersistentStateOnLaunch="NO" debugDocumentVersioning="YES" debugServiceExtension="internal" allowLocationSimulation="YES">
    <BuildableProductRunnable runnableDebuggingMode="0">
      <BuildableReference BuildableIdentifier="primary" BlueprintIdentifier="4E6DC23C2EF6113F005145BA" BuildableName="Cookies.app" BlueprintName="Cookies" ReferencedContainer="container:Cookies.xcodeproj"/>
    </BuildableProductRunnable>
    <EnvironmentVariables>
      <EnvironmentVariable key="USE_REAL_APP_CHECK" value="1" isEnabled="YES"/>
    </EnvironmentVariables>
  </LaunchAction>
  <ProfileAction buildConfiguration="Release" shouldUseLaunchSchemeArgsEnv="YES" savedToolIdentifier="" useCustomWorkingDirectory="NO" debugDocumentVersioning="YES">
    <BuildableProductRunnable runnableDebuggingMode="0">
      <BuildableReference BuildableIdentifier="primary" BlueprintIdentifier="4E6DC23C2EF6113F005145BA" BuildableName="Cookies.app" BlueprintName="Cookies" ReferencedContainer="container:Cookies.xcodeproj"/>
    </BuildableProductRunnable>
  </ProfileAction>
  <AnalyzeAction buildConfiguration="Debug"/>
  <ArchiveAction buildConfiguration="Release" revealArchiveInOrganizer="YES"/>
</Scheme>
